
Microsoft Visual Studio Solution File, Format Version 12.00
# Visual Studio Version 17
VisualStudioVersion = 17.6.33829.357
MinimumVisualStudioVersion = 10.0.40219.1
Project("{9A19103F-16F7-4668-BE54-9A1E7A4F7556}") = "version", "version.csproj", "{C62D938C-0F43-4524-9D38-1F8A40DD5AC1}"
EndProject
Global
	GlobalSection(SolutionConfigurationPlatforms) = preSolution
		Debug|Any CPU = Debug|Any CPU
		Release|Any CPU = Release|Any CPU
	EndGlobalSection
	GlobalSection(ProjectConfigurationPlatforms) = postSolution
		{C62D938C-0F43-4524-9D38-1F8A40DD5AC1}.Debug|Any CPU.ActiveCfg = Debug|Any CPU
		{C62D938C-0F43-4524-9D38-1F8A40DD5AC1}.Debug|Any CPU.Build.0 = Debug|Any CPU
		{C62D938C-0F43-4524-9D38-1F8A40DD5AC1}.Release|Any CPU.ActiveCfg = Release|Any CPU
		{C62D938C-0F43-4524-9D38-1F8A40DD5AC1}.Release|Any CPU.Build.0 = Release|Any CPU
	EndGlobalSection
	GlobalSection(SolutionProperties) = preSolution
		HideSolutionNode = FALSE
	EndGlobalSection
	GlobalSection(ExtensibilityGlobals) = postSolution
		SolutionGuid = {D0951862-FD63-4A76-B60C-66884884DC05}
	EndGlobalSection
EndGlobal
